
Microsoft Visual Studio Solution File, Format Version 12.00
# Visual Studio 15
VisualStudioVersion = 15.0.26124.0
MinimumVisualStudioVersion = 15.0.26124.0
Project("{2150E333-8FDC-42A3-9474-1A3956D46DE8}") = "src", "src", "{D5416D9A-24D2-4A1E-9F84-BBA4FAD3154F}"
EndProject
Project("{FAE04EC0-301F-11D3-BF4B-00C04F79EFBC}") = "OpenWheels", "src\OpenWheels\OpenWheels.csproj", "{4668F9F9-9A85-4777-AA5E-405B423B9606}"
EndProject
Project("{FAE04EC0-301F-11D3-BF4B-00C04F79EFBC}") = "OpenWheels.BinPack", "src\OpenWheels.BinPack\OpenWheels.BinPack.csproj", "{6F87355A-996A-48E0-8246-7839EAF84253}"
EndProject
Project("{FAE04EC0-301F-11D3-BF4B-00C04F79EFBC}") = "OpenWheels.Fonts", "src\OpenWheels.Fonts\OpenWheels.Fonts.csproj", "{8F33E1B8-D912-4D01-87EC-322F5776E19E}"
EndProject
Project("{FAE04EC0-301F-11D3-BF4B-00C04F79EFBC}") = "OpenWheels.Fonts.ImageSharp", "src\OpenWheels.Fonts.ImageSharp\OpenWheels.Fonts.ImageSharp.csproj", "{7693EF60-44E7-4015-8F16-2BC65DBF0F55}"
EndProject
Project("{FAE04EC0-301F-11D3-BF4B-00C04F79EFBC}") = "OpenWheels.Game", "src\OpenWheels.Game\OpenWheels.Game.csproj", "{2A2914C5-F9DB-4ECA-B9A2-FBC43BBCF308}"
EndProject
Project("{FAE04EC0-301F-11D3-BF4B-00C04F79EFBC}") = "OpenWheels.Plotting", "src\OpenWheels.Plotting\OpenWheels.Plotting.csproj", "{5AA2EE07-DDFF-49F7-A05A-8FE5E403B618}"
EndProject
Project("{FAE04EC0-301F-11D3-BF4B-00C04F79EFBC}") = "OpenWheels.Rendering", "src\OpenWheels.Rendering\OpenWheels.Rendering.csproj", "{235ACC01-3A21-438A-ADB7-25300B0E6168}"
EndProject
Project("{FAE04EC0-301F-11D3-BF4B-00C04F79EFBC}") = "OpenWheels.Rendering.ImageSharp", "src\OpenWheels.Rendering.ImageSharp\OpenWheels.Rendering.ImageSharp.csproj", "{FA061293-54CF-4009-9E70-A8442C81D03E}"
EndProject
Project("{FAE04EC0-301F-11D3-BF4B-00C04F79EFBC}") = "OpenWheels.Veldrid", "src\OpenWheels.Veldrid\OpenWheels.Veldrid.csproj", "{8A7C852D-1E9D-4296-8DDA-B6A9B509BBD0}"
EndProject
Project("{2150E333-8FDC-42A3-9474-1A3956D46DE8}") = "test", "test", "{3174DA07-DCC7-4340-BB60-6BFFC88B348C}"
EndProject
Project("{FAE04EC0-301F-11D3-BF4B-00C04F79EFBC}") = "OpenWheels.Tests", "test\OpenWheels.Tests\OpenWheels.Tests.csproj", "{B9190696-9328-432A-8402-68367A1C58D0}"
EndProject
Global
	GlobalSection(SolutionConfigurationPlatforms) = preSolution
		Debug|Any CPU = Debug|Any CPU
		Debug|x64 = Debug|x64
		Debug|x86 = Debug|x86
		Release|Any CPU = Release|Any CPU
		Release|x64 = Release|x64
		Release|x86 = Release|x86
	EndGlobalSection
	GlobalSection(SolutionProperties) = preSolution
		HideSolutionNode = FALSE
	EndGlobalSection
	GlobalSection(ProjectConfigurationPlatforms) = postSolution
		{4668F9F9-9A85-4777-AA5E-405B423B9606}.Debug|Any CPU.ActiveCfg = Debug|Any CPU
		{4668F9F9-9A85-4777-AA5E-405B423B9606}.Debug|Any CPU.Build.0 = Debug|Any CPU
		{4668F9F9-9A85-4777-AA5E-405B423B9606}.Debug|x64.ActiveCfg = Debug|Any CPU
		{4668F9F9-9A85-4777-AA5E-405B423B9606}.Debug|x64.Build.0 = Debug|Any CPU
		{4668F9F9-9A85-4777-AA5E-405B423B9606}.Debug|x86.ActiveCfg = Debug|Any CPU
		{4668F9F9-9A85-4777-AA5E-405B423B9606}.Debug|x86.Build.0 = Debug|Any CPU
		{4668F9F9-9A85-4777-AA5E-405B423B9606}.Release|Any CPU.ActiveCfg = Release|Any CPU
		{4668F9F9-9A85-4777-AA5E-405B423B9606}.Release|Any CPU.Build.0 = Release|Any CPU
		{4668F9F9-9A85-4777-AA5E-405B423B9606}.Release|x64.ActiveCfg = Release|Any CPU
		{4668F9F9-9A85-4777-AA5E-405B423B9606}.Release|x64.Build.0 = Release|Any CPU
		{4668F9F9-9A85-4777-AA5E-405B423B9606}.Release|x86.ActiveCfg = Release|Any CPU
		{4668F9F9-9A85-4777-AA5E-405B423B9606}.Release|x86.Build.0 = Release|Any CPU
		{6F87355A-996A-48E0-8246-7839EAF84253}.Debug|Any CPU.ActiveCfg = Debug|Any CPU
		{6F87355A-996A-48E0-8246-7839EAF84253}.Debug|Any CPU.Build.0 = Debug|Any CPU
		{6F87355A-996A-48E0-8246-7839EAF84253}.Debug|x64.ActiveCfg = Debug|Any CPU
		{6F87355A-996A-48E0-8246-7839EAF84253}.Debug|x64.Build.0 = Debug|Any CPU
		{6F87355A-996A-48E0-8246-7839EAF84253}.Debug|x86.ActiveCfg = Debug|Any CPU
		{6F87355A-996A-48E0-8246-7839EAF84253}.Debug|x86.Build.0 = Debug|Any CPU
		{6F87355A-996A-48E0-8246-7839EAF84253}.Release|Any CPU.ActiveCfg = Release|Any CPU
		{6F87355A-996A-48E0-8246-7839EAF84253}.Release|Any CPU.Build.0 = Release|Any CPU
		{6F87355A-996A-48E0-8246-7839EAF84253}.Release|x64.ActiveCfg = Release|Any CPU
		{6F87355A-996A-48E0-8246-7839EAF84253}.Release|x64.Build.0 = Release|Any CPU
		{6F87355A-996A-48E0-8246-7839EAF84253}.Release|x86.ActiveCfg = Release|Any CPU
		{6F87355A-996A-48E0-8246-7839EAF84253}.Release|x86.Build.0 = Release|Any CPU
		{8F33E1B8-D912-4D01-87EC-322F5776E19E}.Debug|Any CPU.ActiveCfg = Debug|Any CPU
		{8F33E1B8-D912-4D01-87EC-322F5776E19E}.Debug|Any CPU.Build.0 = Debug|Any CPU
		{8F33E1B8-D912-4D01-87EC-322F5776E19E}.Debug|x64.ActiveCfg = Debug|Any CPU
		{8F33E1B8-D912-4D01-87EC-322F5776E19E}.Debug|x64.Build.0 = Debug|Any CPU
		{8F33E1B8-D912-4D01-87EC-322F5776E19E}.Debug|x86.ActiveCfg = Debug|Any CPU
		{8F33E1B8-D912-4D01-87EC-322F5776E19E}.Debug|x86.Build.0 = Debug|Any CPU
		{8F33E1B8-D912-4D01-87EC-322F5776E19E}.Release|Any CPU.ActiveCfg = Release|Any CPU
		{8F33E1B8-D912-4D01-87EC-322F5776E19E}.Release|Any CPU.Build.0 = Release|Any CPU
		{8F33E1B8-D912-4D01-87EC-322F5776E19E}.Release|x64.ActiveCfg = Release|Any CPU
		{8F33E1B8-D912-4D01-87EC-322F5776E19E}.Release|x64.Build.0 = Release|Any CPU
		{8F33E1B8-D912-4D01-87EC-322F5776E19E}.Release|x86.ActiveCfg = Release|Any CPU
		{8F33E1B8-D912-4D01-87EC-322F5776E19E}.Release|x86.Build.0 = Release|Any CPU
		{7693EF60-44E7-4015-8F16-2BC65DBF0F55}.Debug|Any CPU.ActiveCfg = Debug|Any CPU
		{7693EF60-44E7-4015-8F16-2BC65DBF0F55}.Debug|Any CPU.Build.0 = Debug|Any CPU
		{7693EF60-44E7-4015-8F16-2BC65DBF0F55}.Debug|x64.ActiveCfg = Debug|Any CPU
		{7693EF60-44E7-4015-8F16-2BC65DBF0F55}.Debug|x64.Build.0 = Debug|Any CPU
		{7693EF60-44E7-4015-8F16-2BC65DBF0F55}.Debug|x86.ActiveCfg = Debug|Any CPU
		{7693EF60-44E7-4015-8F16-2BC65DBF0F55}.Debug|x86.Build.0 = Debug|Any CPU
		{7693EF60-44E7-4015-8F16-2BC65DBF0F55}.Release|Any CPU.ActiveCfg = Release|Any CPU
		{7693EF60-44E7-4015-8F16-2BC65DBF0F55}.Release|Any CPU.Build.0 = Release|Any CPU
		{7693EF60-44E7-4015-8F16-2BC65DBF0F55}.Release|x64.ActiveCfg = Release|Any CPU
		{7693EF60-44E7-4015-8F16-2BC65DBF0F55}.Release|x64.Build.0 = Release|Any CPU
		{7693EF60-44E7-4015-8F16-2BC65DBF0F55}.Release|x86.ActiveCfg = Release|Any CPU
		{7693EF60-44E7-4015-8F16-2BC65DBF0F55}.Release|x86.Build.0 = Release|Any CPU
		{2A2914C5-F9DB-4ECA-B9A2-FBC43BBCF308}.Debug|Any CPU.ActiveCfg = Debug|Any CPU
		{2A2914C5-F9DB-4ECA-B9A2-FBC43BBCF308}.Debug|Any CPU.Build.0 = Debug|Any CPU
		{2A2914C5-F9DB-4ECA-B9A2-FBC43BBCF308}.Debug|x64.ActiveCfg = Debug|Any CPU
		{2A2914C5-F9DB-4ECA-B9A2-FBC43BBCF308}.Debug|x64.Build.0 = Debug|Any CPU
		{2A2914C5-F9DB-4ECA-B9A2-FBC43BBCF308}.Debug|x86.ActiveCfg = Debug|Any CPU
		{2A2914C5-F9DB-4ECA-B9A2-FBC43BBCF308}.Debug|x86.Build.0 = Debug|Any CPU
		{2A2914C5-F9DB-4ECA-B9A2-FBC43BBCF308}.Release|Any CPU.ActiveCfg = Release|Any CPU
		{2A2914C5-F9DB-4ECA-B9A2-FBC43BBCF308}.Release|Any CPU.Build.0 = Release|Any CPU
		{2A2914C5-F9DB-4ECA-B9A2-FBC43BBCF308}.Release|x64.ActiveCfg = Release|Any CPU
		{2A2914C5-F9DB-4ECA-B9A2-FBC43BBCF308}.Release|x64.Build.0 = Release|Any CPU
		{2A2914C5-F9DB-4ECA-B9A2-FBC43BBCF308}.Release|x86.ActiveCfg = Release|Any CPU
		{2A2914C5-F9DB-4ECA-B9A2-FBC43BBCF308}.Release|x86.Build.0 = Release|Any CPU
		{5AA2EE07-DDFF-49F7-A05A-8FE5E403B618}.Debug|Any CPU.ActiveCfg = Debug|Any CPU
		{5AA2EE07-DDFF-49F7-A05A-8FE5E403B618}.Debug|Any CPU.Build.0 = Debug|Any CPU
		{5AA2EE07-DDFF-49F7-A05A-8FE5E403B618}.Debug|x64.ActiveCfg = Debug|Any CPU
		{5AA2EE07-DDFF-49F7-A05A-8FE5E403B618}.Debug|x64.Build.0 = Debug|Any CPU
		{5AA2EE07-DDFF-49F7-A05A-8FE5E403B618}.Debug|x86.ActiveCfg = Debug|Any CPU
		{5AA2EE07-DDFF-49F7-A05A-8FE5E403B618}.Debug|x86.Build.0 = Debug|Any CPU
		{5AA2EE07-DDFF-49F7-A05A-8FE5E403B618}.Release|Any CPU.ActiveCfg = Release|Any CPU
		{5AA2EE07-DDFF-49F7-A05A-8FE5E403B618}.Release|Any CPU.Build.0 = Release|Any CPU
		{5AA2EE07-DDFF-49F7-A05A-8FE5E403B618}.Release|x64.ActiveCfg = Release|Any CPU
		{5AA2EE07-DDFF-49F7-A05A-8FE5E403B618}.Release|x64.Build.0 = Release|Any CPU
		{5AA2EE07-DDFF-49F7-A05A-8FE5E403B618}.Release|x86.ActiveCfg = Release|Any CPU
		{5AA2EE07-DDFF-49F7-A05A-8FE5E403B618}.Release|x86.Build.0 = Release|Any CPU
		{235ACC01-3A21-438A-ADB7-25300B0E6168}.Debug|Any CPU.ActiveCfg = Debug|Any CPU
		{235ACC01-3A21-438A-ADB7-25300B0E6168}.Debug|Any CPU.Build.0 = Debug|Any CPU
		{235ACC01-3A21-438A-ADB7-25300B0E6168}.Debug|x64.ActiveCfg = Debug|Any CPU
		{235ACC01-3A21-438A-ADB7-25300B0E6168}.Debug|x64.Build.0 = Debug|Any CPU
		{235ACC01-3A21-438A-ADB7-25300B0E6168}.Debug|x86.ActiveCfg = Debug|Any CPU
		{235ACC01-3A21-438A-ADB7-25300B0E6168}.Debug|x86.Build.0 = Debug|Any CPU
		{235ACC01-3A21-438A-ADB7-25300B0E6168}.Release|Any CPU.ActiveCfg = Release|Any CPU
		{235ACC01-3A21-438A-ADB7-25300B0E6168}.Release|Any CPU.Build.0 = Release|Any CPU
		{235ACC01-3A21-438A-ADB7-25300B0E6168}.Release|x64.ActiveCfg = Release|Any CPU
		{235ACC01-3A21-438A-ADB7-25300B0E6168}.Release|x64.Build.0 = Release|Any CPU
		{235ACC01-3A21-438A-ADB7-25300B0E6168}.Release|x86.ActiveCfg = Release|Any CPU
		{235ACC01-3A21-438A-ADB7-25300B0E6168}.Release|x86.Build.0 = Release|Any CPU
		{FA061293-54CF-4009-9E70-A8442C81D03E}.Debug|Any CPU.ActiveCfg = Debug|Any CPU
		{FA061293-54CF-4009-9E70-A8442C81D03E}.Debug|Any CPU.Build.0 = Debug|Any CPU
		{FA061293-54CF-4009-9E70-A8442C81D03E}.Debug|x64.ActiveCfg = Debug|Any CPU
		{FA061293-54CF-4009-9E70-A8442C81D03E}.Debug|x64.Build.0 = Debug|Any CPU
		{FA061293-54CF-4009-9E70-A8442C81D03E}.Debug|x86.ActiveCfg = Debug|Any CPU
		{FA061293-54CF-4009-9E70-A8442C81D03E}.Debug|x86.Build.0 = Debug|Any CPU
		{FA061293-54CF-4009-9E70-A8442C81D03E}.Release|Any CPU.ActiveCfg = Release|Any CPU
		{FA061293-54CF-4009-9E70-A8442C81D03E}.Release|Any CPU.Build.0 = Release|Any CPU
		{FA061293-54CF-4009-9E70-A8442C81D03E}.Release|x64.ActiveCfg = Release|Any CPU
		{FA061293-54CF-4009-9E70-A8442C81D03E}.Release|x64.Build.0 = Release|Any CPU
		{FA061293-54CF-4009-9E70-A8442C81D03E}.Release|x86.ActiveCfg = Release|Any CPU
		{FA061293-54CF-4009-9E70-A8442C81D03E}.Release|x86.Build.0 = Release|Any CPU
		{8A7C852D-1E9D-4296-8DDA-B6A9B509BBD0}.Debug|Any CPU.ActiveCfg = Debug|Any CPU
		{8A7C852D-1E9D-4296-8DDA-B6A9B509BBD0}.Debug|Any CPU.Build.0 = Debug|Any CPU
		{8A7C852D-1E9D-4296-8DDA-B6A9B509BBD0}.Debug|x64.ActiveCfg = Debug|Any CPU
		{8A7C852D-1E9D-4296-8DDA-B6A9B509BBD0}.Debug|x64.Build.0 = Debug|Any CPU
		{8A7C852D-1E9D-4296-8DDA-B6A9B509BBD0}.Debug|x86.ActiveCfg = Debug|Any CPU
		{8A7C852D-1E9D-4296-8DDA-B6A9B509BBD0}.Debug|x86.Build.0 = Debug|Any CPU
		{8A7C852D-1E9D-4296-8DDA-B6A9B509BBD0}.Release|Any CPU.ActiveCfg = Release|Any CPU
		{8A7C852D-1E9D-4296-8DDA-B6A9B509BBD0}.Release|Any CPU.Build.0 = Release|Any CPU
		{8A7C852D-1E9D-4296-8DDA-B6A9B509BBD0}.Release|x64.ActiveCfg = Release|Any CPU
		{8A7C852D-1E9D-4296-8DDA-B6A9B509BBD0}.Release|x64.Build.0 = Release|Any CPU
		{8A7C852D-1E9D-4296-8DDA-B6A9B509BBD0}.Release|x86.ActiveCfg = Release|Any CPU
		{8A7C852D-1E9D-4296-8DDA-B6A9B509BBD0}.Release|x86.Build.0 = Release|Any CPU
		{B9190696-9328-432A-8402-68367A1C58D0}.Debug|Any CPU.ActiveCfg = Debug|Any CPU
		{B9190696-9328-432A-8402-68367A1C58D0}.Debug|Any CPU.Build.0 = Debug|Any CPU
		{B9190696-9328-432A-8402-68367A1C58D0}.Debug|x64.ActiveCfg = Debug|Any CPU
		{B9190696-9328-432A-8402-68367A1C58D0}.Debug|x64.Build.0 = Debug|Any CPU
		{B9190696-9328-432A-8402-68367A1C58D0}.Debug|x86.ActiveCfg = Debug|Any CPU
		{B9190696-9328-432A-8402-68367A1C58D0}.Debug|x86.Build.0 = Debug|Any CPU
		{B9190696-9328-432A-8402-68367A1C58D0}.Release|Any CPU.ActiveCfg = Release|Any CPU
		{B9190696-9328-432A-8402-68367A1C58D0}.Release|Any CPU.Build.0 = Release|Any CPU
		{B9190696-9328-432A-8402-68367A1C58D0}.Release|x64.ActiveCfg = Release|Any CPU
		{B9190696-9328-432A-8402-68367A1C58D0}.Release|x64.Build.0 = Release|Any CPU
		{B9190696-9328-432A-8402-68367A1C58D0}.Release|x86.ActiveCfg = Release|Any CPU
		{B9190696-9328-432A-8402-68367A1C58D0}.Release|x86.Build.0 = Release|Any CPU
	EndGlobalSection
	GlobalSection(NestedProjects) = preSolution
		{4668F9F9-9A85-4777-AA5E-405B423B9606} = {D5416D9A-24D2-4A1E-9F84-BBA4FAD3154F}
		{6F87355A-996A-48E0-8246-7839EAF84253} = {D5416D9A-24D2-4A1E-9F84-BBA4FAD3154F}
		{8F33E1B8-D912-4D01-87EC-322F5776E19E} = {D5416D9A-24D2-4A1E-9F84-BBA4FAD3154F}
		{7693EF60-44E7-4015-8F16-2BC65DBF0F55} = {D5416D9A-24D2-4A1E-9F84-BBA4FAD3154F}
		{2A2914C5-F9DB-4ECA-B9A2-FBC43BBCF308} = {D5416D9A-24D2-4A1E-9F84-BBA4FAD3154F}
		{5AA2EE07-DDFF-49F7-A05A-8FE5E403B618} = {D5416D9A-24D2-4A1E-9F84-BBA4FAD3154F}
		{235ACC01-3A21-438A-ADB7-25300B0E6168} = {D5416D9A-24D2-4A1E-9F84-BBA4FAD3154F}
		{FA061293-54CF-4009-9E70-A8442C81D03E} = {D5416D9A-24D2-4A1E-9F84-BBA4FAD3154F}
		{8A7C852D-1E9D-4296-8DDA-B6A9B509BBD0} = {D5416D9A-24D2-4A1E-9F84-BBA4FAD3154F}
		{B9190696-9328-432A-8402-68367A1C58D0} = {3174DA07-DCC7-4340-BB60-6BFFC88B348C}
	EndGlobalSection
EndGlobal
