
Microsoft Visual Studio Solution File, Format Version 12.00
# Visual Studio 15
VisualStudioVersion = 15.0.27004.2008
MinimumVisualStudioVersion = 10.0.40219.1
Project("{9A19103F-16F7-4668-BE54-9A1E7A4F7556}") = "OpenWheels.Rendering", "OpenWheels.Rendering\OpenWheels.Rendering.csproj", "{1CFA6E55-9B24-489B-B288-A92E4B6997F5}"
EndProject
Project("{FAE04EC0-301F-11D3-BF4B-00C04F79EFBC}") = "OpenWheels", "OpenWheels\OpenWheels.csproj", "{DDE33653-73F3-46FC-A07B-AC08CF26A1BF}"
EndProject
Project("{FAE04EC0-301F-11D3-BF4B-00C04F79EFBC}") = "OpenWheels.Plotting", "OpenWheels.Plotting\OpenWheels.Plotting.csproj", "{196FE6A0-CD2C-4444-BF64-1223D35FE997}"
EndProject
Project("{FAE04EC0-301F-11D3-BF4B-00C04F79EFBC}") = "OpenWheels.BinPack", "OpenWheels.BinPack\OpenWheels.BinPack.csproj", "{E94A101B-B852-4D8D-B226-83EDC66C1DEA}"
EndProject
Project("{FAE04EC0-301F-11D3-BF4B-00C04F79EFBC}") = "OpenWheels.Fonts", "OpenWheels.Fonts\OpenWheels.Fonts.csproj", "{3671E8BF-0688-4898-B346-BF4CD631961B}"
EndProject
Project("{FAE04EC0-301F-11D3-BF4B-00C04F79EFBC}") = "OpenWheels.Fonts.ImageSharp", "OpenWheels.Fonts.ImageSharp\OpenWheels.Fonts.ImageSharp.csproj", "{0FAEDFE8-1E77-48EF-91DE-6AA409659793}"
EndProject
Project("{FAE04EC0-301F-11D3-BF4B-00C04F79EFBC}") = "OpenWheels.Rendering.ImageSharp", "OpenWheels.Rendering.ImageSharp\OpenWheels.Rendering.ImageSharp.csproj", "{98EE5512-3CD7-4EE7-A66C-CB0B825AA2AD}"
EndProject
Project("{FAE04EC0-301F-11D3-BF4B-00C04F79EFBC}") = "OpenWheels.Game", "OpenWheels.Game\OpenWheels.Game.csproj", "{185A49A0-CDD2-4183-BCF7-4A7369064468}"
EndProject
Global
	GlobalSection(SolutionConfigurationPlatforms) = preSolution
		Debug|Any CPU = Debug|Any CPU
		Debug|x64 = Debug|x64
		Debug|x86 = Debug|x86
		Release|Any CPU = Release|Any CPU
		Release|x64 = Release|x64
		Release|x86 = Release|x86
	EndGlobalSection
	GlobalSection(ProjectConfigurationPlatforms) = postSolution
		{1CFA6E55-9B24-489B-B288-A92E4B6997F5}.Debug|Any CPU.ActiveCfg = Debug|Any CPU
		{1CFA6E55-9B24-489B-B288-A92E4B6997F5}.Debug|Any CPU.Build.0 = Debug|Any CPU
		{1CFA6E55-9B24-489B-B288-A92E4B6997F5}.Debug|x64.ActiveCfg = Debug|Any CPU
		{1CFA6E55-9B24-489B-B288-A92E4B6997F5}.Debug|x64.Build.0 = Debug|Any CPU
		{1CFA6E55-9B24-489B-B288-A92E4B6997F5}.Debug|x86.ActiveCfg = Debug|Any CPU
		{1CFA6E55-9B24-489B-B288-A92E4B6997F5}.Debug|x86.Build.0 = Debug|Any CPU
		{1CFA6E55-9B24-489B-B288-A92E4B6997F5}.Release|Any CPU.ActiveCfg = Release|Any CPU
		{1CFA6E55-9B24-489B-B288-A92E4B6997F5}.Release|Any CPU.Build.0 = Release|Any CPU
		{1CFA6E55-9B24-489B-B288-A92E4B6997F5}.Release|x64.ActiveCfg = Release|Any CPU
		{1CFA6E55-9B24-489B-B288-A92E4B6997F5}.Release|x64.Build.0 = Release|Any CPU
		{1CFA6E55-9B24-489B-B288-A92E4B6997F5}.Release|x86.ActiveCfg = Release|Any CPU
		{1CFA6E55-9B24-489B-B288-A92E4B6997F5}.Release|x86.Build.0 = Release|Any CPU
		{DDE33653-73F3-46FC-A07B-AC08CF26A1BF}.Debug|Any CPU.ActiveCfg = Debug|Any CPU
		{DDE33653-73F3-46FC-A07B-AC08CF26A1BF}.Debug|Any CPU.Build.0 = Debug|Any CPU
		{DDE33653-73F3-46FC-A07B-AC08CF26A1BF}.Debug|x64.ActiveCfg = Debug|Any CPU
		{DDE33653-73F3-46FC-A07B-AC08CF26A1BF}.Debug|x64.Build.0 = Debug|Any CPU
		{DDE33653-73F3-46FC-A07B-AC08CF26A1BF}.Debug|x86.ActiveCfg = Debug|Any CPU
		{DDE33653-73F3-46FC-A07B-AC08CF26A1BF}.Debug|x86.Build.0 = Debug|Any CPU
		{DDE33653-73F3-46FC-A07B-AC08CF26A1BF}.Release|Any CPU.ActiveCfg = Release|Any CPU
		{DDE33653-73F3-46FC-A07B-AC08CF26A1BF}.Release|Any CPU.Build.0 = Release|Any CPU
		{DDE33653-73F3-46FC-A07B-AC08CF26A1BF}.Release|x64.ActiveCfg = Release|Any CPU
		{DDE33653-73F3-46FC-A07B-AC08CF26A1BF}.Release|x64.Build.0 = Release|Any CPU
		{DDE33653-73F3-46FC-A07B-AC08CF26A1BF}.Release|x86.ActiveCfg = Release|Any CPU
		{DDE33653-73F3-46FC-A07B-AC08CF26A1BF}.Release|x86.Build.0 = Release|Any CPU
		{196FE6A0-CD2C-4444-BF64-1223D35FE997}.Debug|Any CPU.ActiveCfg = Debug|Any CPU
		{196FE6A0-CD2C-4444-BF64-1223D35FE997}.Debug|Any CPU.Build.0 = Debug|Any CPU
		{196FE6A0-CD2C-4444-BF64-1223D35FE997}.Debug|x64.ActiveCfg = Debug|x64
		{196FE6A0-CD2C-4444-BF64-1223D35FE997}.Debug|x64.Build.0 = Debug|x64
		{196FE6A0-CD2C-4444-BF64-1223D35FE997}.Debug|x86.ActiveCfg = Debug|x86
		{196FE6A0-CD2C-4444-BF64-1223D35FE997}.Debug|x86.Build.0 = Debug|x86
		{196FE6A0-CD2C-4444-BF64-1223D35FE997}.Release|Any CPU.ActiveCfg = Release|Any CPU
		{196FE6A0-CD2C-4444-BF64-1223D35FE997}.Release|Any CPU.Build.0 = Release|Any CPU
		{196FE6A0-CD2C-4444-BF64-1223D35FE997}.Release|x64.ActiveCfg = Release|x64
		{196FE6A0-CD2C-4444-BF64-1223D35FE997}.Release|x64.Build.0 = Release|x64
		{196FE6A0-CD2C-4444-BF64-1223D35FE997}.Release|x86.ActiveCfg = Release|x86
		{196FE6A0-CD2C-4444-BF64-1223D35FE997}.Release|x86.Build.0 = Release|x86
		{E94A101B-B852-4D8D-B226-83EDC66C1DEA}.Debug|Any CPU.ActiveCfg = Debug|Any CPU
		{E94A101B-B852-4D8D-B226-83EDC66C1DEA}.Debug|Any CPU.Build.0 = Debug|Any CPU
		{E94A101B-B852-4D8D-B226-83EDC66C1DEA}.Debug|x64.ActiveCfg = Debug|Any CPU
		{E94A101B-B852-4D8D-B226-83EDC66C1DEA}.Debug|x64.Build.0 = Debug|Any CPU
		{E94A101B-B852-4D8D-B226-83EDC66C1DEA}.Debug|x86.ActiveCfg = Debug|Any CPU
		{E94A101B-B852-4D8D-B226-83EDC66C1DEA}.Debug|x86.Build.0 = Debug|Any CPU
		{E94A101B-B852-4D8D-B226-83EDC66C1DEA}.Release|Any CPU.ActiveCfg = Release|Any CPU
		{E94A101B-B852-4D8D-B226-83EDC66C1DEA}.Release|Any CPU.Build.0 = Release|Any CPU
		{E94A101B-B852-4D8D-B226-83EDC66C1DEA}.Release|x64.ActiveCfg = Release|Any CPU
		{E94A101B-B852-4D8D-B226-83EDC66C1DEA}.Release|x64.Build.0 = Release|Any CPU
		{E94A101B-B852-4D8D-B226-83EDC66C1DEA}.Release|x86.ActiveCfg = Release|Any CPU
		{E94A101B-B852-4D8D-B226-83EDC66C1DEA}.Release|x86.Build.0 = Release|Any CPU
		{3671E8BF-0688-4898-B346-BF4CD631961B}.Debug|Any CPU.ActiveCfg = Debug|Any CPU
		{3671E8BF-0688-4898-B346-BF4CD631961B}.Debug|Any CPU.Build.0 = Debug|Any CPU
		{3671E8BF-0688-4898-B346-BF4CD631961B}.Debug|x64.ActiveCfg = Debug|Any CPU
		{3671E8BF-0688-4898-B346-BF4CD631961B}.Debug|x64.Build.0 = Debug|Any CPU
		{3671E8BF-0688-4898-B346-BF4CD631961B}.Debug|x86.ActiveCfg = Debug|Any CPU
		{3671E8BF-0688-4898-B346-BF4CD631961B}.Debug|x86.Build.0 = Debug|Any CPU
		{3671E8BF-0688-4898-B346-BF4CD631961B}.Release|Any CPU.ActiveCfg = Release|Any CPU
		{3671E8BF-0688-4898-B346-BF4CD631961B}.Release|Any CPU.Build.0 = Release|Any CPU
		{3671E8BF-0688-4898-B346-BF4CD631961B}.Release|x64.ActiveCfg = Release|Any CPU
		{3671E8BF-0688-4898-B346-BF4CD631961B}.Release|x64.Build.0 = Release|Any CPU
		{3671E8BF-0688-4898-B346-BF4CD631961B}.Release|x86.ActiveCfg = Release|Any CPU
		{3671E8BF-0688-4898-B346-BF4CD631961B}.Release|x86.Build.0 = Release|Any CPU
		{0FAEDFE8-1E77-48EF-91DE-6AA409659793}.Debug|Any CPU.ActiveCfg = Debug|Any CPU
		{0FAEDFE8-1E77-48EF-91DE-6AA409659793}.Debug|Any CPU.Build.0 = Debug|Any CPU
		{0FAEDFE8-1E77-48EF-91DE-6AA409659793}.Debug|x64.ActiveCfg = Debug|Any CPU
		{0FAEDFE8-1E77-48EF-91DE-6AA409659793}.Debug|x64.Build.0 = Debug|Any CPU
		{0FAEDFE8-1E77-48EF-91DE-6AA409659793}.Debug|x86.ActiveCfg = Debug|Any CPU
		{0FAEDFE8-1E77-48EF-91DE-6AA409659793}.Debug|x86.Build.0 = Debug|Any CPU
		{0FAEDFE8-1E77-48EF-91DE-6AA409659793}.Release|Any CPU.ActiveCfg = Release|Any CPU
		{0FAEDFE8-1E77-48EF-91DE-6AA409659793}.Release|Any CPU.Build.0 = Release|Any CPU
		{0FAEDFE8-1E77-48EF-91DE-6AA409659793}.Release|x64.ActiveCfg = Release|Any CPU
		{0FAEDFE8-1E77-48EF-91DE-6AA409659793}.Release|x64.Build.0 = Release|Any CPU
		{0FAEDFE8-1E77-48EF-91DE-6AA409659793}.Release|x86.ActiveCfg = Release|Any CPU
		{0FAEDFE8-1E77-48EF-91DE-6AA409659793}.Release|x86.Build.0 = Release|Any CPU
		{98EE5512-3CD7-4EE7-A66C-CB0B825AA2AD}.Debug|Any CPU.ActiveCfg = Debug|Any CPU
		{98EE5512-3CD7-4EE7-A66C-CB0B825AA2AD}.Debug|Any CPU.Build.0 = Debug|Any CPU
		{98EE5512-3CD7-4EE7-A66C-CB0B825AA2AD}.Debug|x64.ActiveCfg = Debug|Any CPU
		{98EE5512-3CD7-4EE7-A66C-CB0B825AA2AD}.Debug|x64.Build.0 = Debug|Any CPU
		{98EE5512-3CD7-4EE7-A66C-CB0B825AA2AD}.Debug|x86.ActiveCfg = Debug|Any CPU
		{98EE5512-3CD7-4EE7-A66C-CB0B825AA2AD}.Debug|x86.Build.0 = Debug|Any CPU
		{98EE5512-3CD7-4EE7-A66C-CB0B825AA2AD}.Release|Any CPU.ActiveCfg = Release|Any CPU
		{98EE5512-3CD7-4EE7-A66C-CB0B825AA2AD}.Release|Any CPU.Build.0 = Release|Any CPU
		{98EE5512-3CD7-4EE7-A66C-CB0B825AA2AD}.Release|x64.ActiveCfg = Release|Any CPU
		{98EE5512-3CD7-4EE7-A66C-CB0B825AA2AD}.Release|x64.Build.0 = Release|Any CPU
		{98EE5512-3CD7-4EE7-A66C-CB0B825AA2AD}.Release|x86.ActiveCfg = Release|Any CPU
		{98EE5512-3CD7-4EE7-A66C-CB0B825AA2AD}.Release|x86.Build.0 = Release|Any CPU
		{185A49A0-CDD2-4183-BCF7-4A7369064468}.Debug|Any CPU.ActiveCfg = Debug|Any CPU
		{185A49A0-CDD2-4183-BCF7-4A7369064468}.Debug|Any CPU.Build.0 = Debug|Any CPU
		{185A49A0-CDD2-4183-BCF7-4A7369064468}.Debug|x64.ActiveCfg = Debug|Any CPU
		{185A49A0-CDD2-4183-BCF7-4A7369064468}.Debug|x64.Build.0 = Debug|Any CPU
		{185A49A0-CDD2-4183-BCF7-4A7369064468}.Debug|x86.ActiveCfg = Debug|Any CPU
		{185A49A0-CDD2-4183-BCF7-4A7369064468}.Debug|x86.Build.0 = Debug|Any CPU
		{185A49A0-CDD2-4183-BCF7-4A7369064468}.Release|Any CPU.ActiveCfg = Release|Any CPU
		{185A49A0-CDD2-4183-BCF7-4A7369064468}.Release|Any CPU.Build.0 = Release|Any CPU
		{185A49A0-CDD2-4183-BCF7-4A7369064468}.Release|x64.ActiveCfg = Release|Any CPU
		{185A49A0-CDD2-4183-BCF7-4A7369064468}.Release|x64.Build.0 = Release|Any CPU
		{185A49A0-CDD2-4183-BCF7-4A7369064468}.Release|x86.ActiveCfg = Release|Any CPU
		{185A49A0-CDD2-4183-BCF7-4A7369064468}.Release|x86.Build.0 = Release|Any CPU
	EndGlobalSection
	GlobalSection(SolutionProperties) = preSolution
		HideSolutionNode = FALSE
	EndGlobalSection
	GlobalSection(ExtensibilityGlobals) = postSolution
		SolutionGuid = {6301EED6-1702-4EA3-80CC-2ADF9D01D17A}
	EndGlobalSection
EndGlobal
